Microsoft Visual Studio Solution File, Format Version 12.00
# Visual Studio Version 17
VisualStudioVersion = 17.5.2.0
MinimumVisualStudioVersion = 10.0.40219.1
Project("{FAE04EC0-301F-11D3-BF4B-00C04F79EFBC}") = "PuzzleArena", "PuzzleArena.csproj", "{4A47195F-C253-20B4-31A7-CFCAB96666CC}"
EndProject
Global
	GlobalSection(SolutionConfigurationPlatforms) = preSolution
		Debug|Any CPU = Debug|Any CPU
		Release|Any CPU = Release|Any CPU
	EndGlobalSection
	GlobalSection(ProjectConfigurationPlatforms) = postSolution
		{4A47195F-C253-20B4-31A7-CFCAB96666CC}.Debug|Any CPU.ActiveCfg = Debug|Any CPU
		{4A47195F-C253-20B4-31A7-CFCAB96666CC}.Debug|Any CPU.Build.0 = Debug|Any CPU
		{4A47195F-C253-20B4-31A7-CFCAB96666CC}.Release|Any CPU.ActiveCfg = Release|Any CPU
		{4A47195F-C253-20B4-31A7-CFCAB96666CC}.Release|Any CPU.Build.0 = Release|Any CPU
	EndGlobalSection
	GlobalSection(SolutionProperties) = preSolution
		HideSolutionNode = FALSE
	EndGlobalSection
	GlobalSection(ExtensibilityGlobals) = postSolution
		SolutionGuid = {9B0B7821-4209-4594-AADA-6681810A9451}
	EndGlobalSection
EndGlobal
